{
  "name": "php-printing-to-audio-thread",
  "version": "1.0.0",
  "lockfileVersion": 1,
  "requires": true,
  "dependencies": {
    "sf2-sql": {
      "version": "1.1.0",
      "resolved": "https://registry.npmjs.org/sf2-sql/-/sf2-sql-1.1.0.tgz",
      "integrity": "sha512-4udhRkhFmFYOf94eSYSVIY9VkMsxM5Cp9vbezPPPxBuEpLf3pViheB8xdM7m9+5GWM8eCOubI0lHpnQ1tkjZAw=="
    }
  }
}
